
Microsoft Visual Studio Solution File, Format Version 12.00
# Visual Studio Version 16
VisualStudioVersion = 25.0.1704.4
MinimumVisualStudioVersion = 10.0.40219.1
Project("{FAE04EC0-301F-11D3-BF4B-00C04F79EFBC}") = "DanceBotShared", "DanceBotShared\DanceBotShared.csproj", "{B63DB9CB-7FF0-49B4-9F74-BDFC6AA09F2A}"
EndProject
Global
	GlobalSection(SolutionConfigurationPlatforms) = preSolution
		Debug|Any CPU = Debug|Any CPU
		Release|Any CPU = Release|Any CPU
	EndGlobalSection
	GlobalSection(ProjectConfigurationPlatforms) = postSolution
		{B63DB9CB-7FF0-49B4-9F74-BDFC6AA09F2A}.Debug|Any CPU.ActiveCfg = Debug|Any CPU
		{B63DB9CB-7FF0-49B4-9F74-BDFC6AA09F2A}.Debug|Any CPU.Build.0 = Debug|Any CPU
		{B63DB9CB-7FF0-49B4-9F74-BDFC6AA09F2A}.Release|Any CPU.ActiveCfg = Release|Any CPU
		{B63DB9CB-7FF0-49B4-9F74-BDFC6AA09F2A}.Release|Any CPU.Build.0 = Release|Any CPU
	EndGlobalSection
	GlobalSection(SolutionProperties) = preSolution
		HideSolutionNode = FALSE
	EndGlobalSection
	GlobalSection(ExtensibilityGlobals) = postSolution
		SolutionGuid = {8DB882F8-A28F-4B97-A737-CD25A05734EE}
	EndGlobalSection
EndGlobal
